
Microsoft Visual Studio Solution File, Format Version 12.00
# Visual Studio Version 17
VisualStudioVersion = 17.10.35013.160
MinimumVisualStudioVersion = 10.0.40219.1
Project("{2150E333-8FDC-42A3-9474-1A3956D46DE8}") = "Beginner", "Beginner", "{C6F50A82-3D6E-436B-A2BD-F085898FC567}"
EndProject
Project("{9A19103F-16F7-4668-BE54-9A1E7A4F7556}") = "1001 - Extremely Basic", "Beginner\1001 - Extremely Basic\1001 - Extremely Basic.csproj", "{AE21BD57-55D1-4B0F-B42B-CF0A3D108845}"
EndProject
Project("{9A19103F-16F7-4668-BE54-9A1E7A4F7556}") = "1000 - Hello World", "Beginner\1000 - Hello World\1000 - Hello World.csproj", "{DC779B1D-3E01-48BE-8BCF-3E3117B28C03}"
EndProject
Project("{9A19103F-16F7-4668-BE54-9A1E7A4F7556}") = "1002 - Area of Circle", "Beginner\1002 - Area of Circle\1002 - Area of Circle.csproj", "{68014101-7BE6-4BF0-A774-204B2102D265}"
EndProject
Project("{9A19103F-16F7-4668-BE54-9A1E7A4F7556}") = "1003 - Simple Sum", "Beginner\1003 - Simple Sum\1003 - Simple Sum.csproj", "{BF2C02DA-9069-4304-8C62-98C1985BB089}"
EndProject
Project("{9A19103F-16F7-4668-BE54-9A1E7A4F7556}") = "1004 - Simple Product", "Beginner\1004 - Simple Product\1004 - Simple Product.csproj", "{42E2AC3E-FDEE-477B-BC3F-F1A658C281DC}"
EndProject
Project("{9A19103F-16F7-4668-BE54-9A1E7A4F7556}") = "1005 - Average 1", "Beginner\1005 - Average 1\1005 - Average 1.csproj", "{FFC75BDA-B878-4FD7-9C0B-BA9C2358686F}"
EndProject
Project("{9A19103F-16F7-4668-BE54-9A1E7A4F7556}") = "1006 - Average 2", "Beginner\1006 - Average 2\1006 - Average 2.csproj", "{2E79F566-82E6-4F0C-A502-6A2FA281D4C5}"
EndProject
Project("{9A19103F-16F7-4668-BE54-9A1E7A4F7556}") = "1007 - Difference", "Beginner\1007 - Difference\1007 - Difference.csproj", "{833D13E1-60FB-42FF-AA4D-9EF35AC8A4B5}"
EndProject
Project("{9A19103F-16F7-4668-BE54-9A1E7A4F7556}") = "1008 - Salary", "Beginner\1008 - Salary\1008 - Salary.csproj", "{DD74BA4F-20A7-4D42-9E64-DD00E7D9EF38}"
EndProject
Project("{9A19103F-16F7-4668-BE54-9A1E7A4F7556}") = "1009 - Salary with Bonus", "Beginner\1009 - Salary with Bonus\1009 - Salary with Bonus.csproj", "{009C78DA-7966-43E4-8320-8E623EEC6684}"
EndProject
Project("{9A19103F-16F7-4668-BE54-9A1E7A4F7556}") = "1010 - Simple Calculate", "Beginner\1010 - Simple Calculate\1010 - Simple Calculate.csproj", "{753BE1F7-FC33-4CCC-8089-CB4F32E8D507}"
EndProject
Project("{9A19103F-16F7-4668-BE54-9A1E7A4F7556}") = "1011 - Sphere", "Beginner\1011 - Sphere\1011 - Sphere.csproj", "{6206FD3B-1BAB-478C-8872-62949502F69F}"
EndProject
Project("{9A19103F-16F7-4668-BE54-9A1E7A4F7556}") = "1012 - Area", "Beginner\1012 - Area\1012 - Area.csproj", "{7929016F-A438-4C18-B9BE-3AD215BC52E6}"
EndProject
Project("{9A19103F-16F7-4668-BE54-9A1E7A4F7556}") = "1013 - The Greatest", "Beginner\1013 - The Greatest\1013 - The Greatest.csproj", "{B38EC302-453A-403A-830A-93B0ED9E670D}"
EndProject
Project("{9A19103F-16F7-4668-BE54-9A1E7A4F7556}") = "1014 - Consumption", "Beginner\1014 - Consumption\1014 - Consumption.csproj", "{E7BB13A4-C76B-4B18-9EA2-E8662235311C}"
EndProject
Project("{9A19103F-16F7-4668-BE54-9A1E7A4F7556}") = "1015 - Distance Between Two Points", "Beginner\1015 - Distance Between Two Points\1015 - Distance Between Two Points.csproj", "{D01C3108-C04B-48CB-A454-8CD2961B3443}"
EndProject
Project("{9A19103F-16F7-4668-BE54-9A1E7A4F7556}") = "1016 - Distance", "Beginner\1016 - Distance\1016 - Distance.csproj", "{5FF576A7-0E83-46EE-B7D3-F9EE007CA6B2}"
EndProject
Project("{9A19103F-16F7-4668-BE54-9A1E7A4F7556}") = "1017 - Fuel Spent", "Beginner\1017 - Fuel Spent\1017 - Fuel Spent.csproj", "{9B064C7A-DFEF-4F5E-B626-2CBAE36685BC}"
EndProject
Project("{9A19103F-16F7-4668-BE54-9A1E7A4F7556}") = "1018 - Banknotes", "Beginner\1018 - Banknotes\1018 - Banknotes.csproj", "{008EF05A-7E36-4545-BE0D-E61CA866B261}"
EndProject
Project("{FAE04EC0-301F-11D3-BF4B-00C04F79EFBC}") = "1019 - Time Conversion", "Beginner\1019 - Time Conversion\1019 - Time Conversion.csproj", "{3C437105-5557-415D-8A70-F0ECFA009504}"
EndProject
Global
	GlobalSection(SolutionConfigurationPlatforms) = preSolution
		Debug|Any CPU = Debug|Any CPU
		Release|Any CPU = Release|Any CPU
	EndGlobalSection
	GlobalSection(ProjectConfigurationPlatforms) = postSolution
		{AE21BD57-55D1-4B0F-B42B-CF0A3D108845}.Debug|Any CPU.ActiveCfg = Debug|Any CPU
		{AE21BD57-55D1-4B0F-B42B-CF0A3D108845}.Debug|Any CPU.Build.0 = Debug|Any CPU
		{AE21BD57-55D1-4B0F-B42B-CF0A3D108845}.Release|Any CPU.ActiveCfg = Release|Any CPU
		{AE21BD57-55D1-4B0F-B42B-CF0A3D108845}.Release|Any CPU.Build.0 = Release|Any CPU
		{DC779B1D-3E01-48BE-8BCF-3E3117B28C03}.Debug|Any CPU.ActiveCfg = Debug|Any CPU
		{DC779B1D-3E01-48BE-8BCF-3E3117B28C03}.Debug|Any CPU.Build.0 = Debug|Any CPU
		{DC779B1D-3E01-48BE-8BCF-3E3117B28C03}.Release|Any CPU.ActiveCfg = Release|Any CPU
		{DC779B1D-3E01-48BE-8BCF-3E3117B28C03}.Release|Any CPU.Build.0 = Release|Any CPU
		{68014101-7BE6-4BF0-A774-204B2102D265}.Debug|Any CPU.ActiveCfg = Debug|Any CPU
		{68014101-7BE6-4BF0-A774-204B2102D265}.Debug|Any CPU.Build.0 = Debug|Any CPU
		{68014101-7BE6-4BF0-A774-204B2102D265}.Release|Any CPU.ActiveCfg = Release|Any CPU
		{68014101-7BE6-4BF0-A774-204B2102D265}.Release|Any CPU.Build.0 = Release|Any CPU
		{BF2C02DA-9069-4304-8C62-98C1985BB089}.Debug|Any CPU.ActiveCfg = Debug|Any CPU
		{BF2C02DA-9069-4304-8C62-98C1985BB089}.Debug|Any CPU.Build.0 = Debug|Any CPU
		{BF2C02DA-9069-4304-8C62-98C1985BB089}.Release|Any CPU.ActiveCfg = Release|Any CPU
		{BF2C02DA-9069-4304-8C62-98C1985BB089}.Release|Any CPU.Build.0 = Release|Any CPU
		{42E2AC3E-FDEE-477B-BC3F-F1A658C281DC}.Debug|Any CPU.ActiveCfg = Debug|Any CPU
		{42E2AC3E-FDEE-477B-BC3F-F1A658C281DC}.Debug|Any CPU.Build.0 = Debug|Any CPU
		{42E2AC3E-FDEE-477B-BC3F-F1A658C281DC}.Release|Any CPU.ActiveCfg = Release|Any CPU
		{42E2AC3E-FDEE-477B-BC3F-F1A658C281DC}.Release|Any CPU.Build.0 = Release|Any CPU
		{FFC75BDA-B878-4FD7-9C0B-BA9C2358686F}.Debug|Any CPU.ActiveCfg = Debug|Any CPU
		{FFC75BDA-B878-4FD7-9C0B-BA9C2358686F}.Debug|Any CPU.Build.0 = Debug|Any CPU
		{FFC75BDA-B878-4FD7-9C0B-BA9C2358686F}.Release|Any CPU.ActiveCfg = Release|Any CPU
		{FFC75BDA-B878-4FD7-9C0B-BA9C2358686F}.Release|Any CPU.Build.0 = Release|Any CPU
		{2E79F566-82E6-4F0C-A502-6A2FA281D4C5}.Debug|Any CPU.ActiveCfg = Debug|Any CPU
		{2E79F566-82E6-4F0C-A502-6A2FA281D4C5}.Debug|Any CPU.Build.0 = Debug|Any CPU
		{2E79F566-82E6-4F0C-A502-6A2FA281D4C5}.Release|Any CPU.ActiveCfg = Release|Any CPU
		{2E79F566-82E6-4F0C-A502-6A2FA281D4C5}.Release|Any CPU.Build.0 = Release|Any CPU
		{833D13E1-60FB-42FF-AA4D-9EF35AC8A4B5}.Debug|Any CPU.ActiveCfg = Debug|Any CPU
		{833D13E1-60FB-42FF-AA4D-9EF35AC8A4B5}.Debug|Any CPU.Build.0 = Debug|Any CPU
		{833D13E1-60FB-42FF-AA4D-9EF35AC8A4B5}.Release|Any CPU.ActiveCfg = Release|Any CPU
		{833D13E1-60FB-42FF-AA4D-9EF35AC8A4B5}.Release|Any CPU.Build.0 = Release|Any CPU
		{DD74BA4F-20A7-4D42-9E64-DD00E7D9EF38}.Debug|Any CPU.ActiveCfg = Debug|Any CPU
		{DD74BA4F-20A7-4D42-9E64-DD00E7D9EF38}.Debug|Any CPU.Build.0 = Debug|Any CPU
		{DD74BA4F-20A7-4D42-9E64-DD00E7D9EF38}.Release|Any CPU.ActiveCfg = Release|Any CPU
		{DD74BA4F-20A7-4D42-9E64-DD00E7D9EF38}.Release|Any CPU.Build.0 = Release|Any CPU
		{009C78DA-7966-43E4-8320-8E623EEC6684}.Debug|Any CPU.ActiveCfg = Debug|Any CPU
		{009C78DA-7966-43E4-8320-8E623EEC6684}.Debug|Any CPU.Build.0 = Debug|Any CPU
		{009C78DA-7966-43E4-8320-8E623EEC6684}.Release|Any CPU.ActiveCfg = Release|Any CPU
		{009C78DA-7966-43E4-8320-8E623EEC6684}.Release|Any CPU.Build.0 = Release|Any CPU
		{753BE1F7-FC33-4CCC-8089-CB4F32E8D507}.Debug|Any CPU.ActiveCfg = Debug|Any CPU
		{753BE1F7-FC33-4CCC-8089-CB4F32E8D507}.Debug|Any CPU.Build.0 = Debug|Any CPU
		{753BE1F7-FC33-4CCC-8089-CB4F32E8D507}.Release|Any CPU.ActiveCfg = Release|Any CPU
		{753BE1F7-FC33-4CCC-8089-CB4F32E8D507}.Release|Any CPU.Build.0 = Release|Any CPU
		{6206FD3B-1BAB-478C-8872-62949502F69F}.Debug|Any CPU.ActiveCfg = Debug|Any CPU
		{6206FD3B-1BAB-478C-8872-62949502F69F}.Debug|Any CPU.Build.0 = Debug|Any CPU
		{6206FD3B-1BAB-478C-8872-62949502F69F}.Release|Any CPU.ActiveCfg = Release|Any CPU
		{6206FD3B-1BAB-478C-8872-62949502F69F}.Release|Any CPU.Build.0 = Release|Any CPU
		{7929016F-A438-4C18-B9BE-3AD215BC52E6}.Debug|Any CPU.ActiveCfg = Debug|Any CPU
		{7929016F-A438-4C18-B9BE-3AD215BC52E6}.Debug|Any CPU.Build.0 = Debug|Any CPU
		{7929016F-A438-4C18-B9BE-3AD215BC52E6}.Release|Any CPU.ActiveCfg = Release|Any CPU
		{7929016F-A438-4C18-B9BE-3AD215BC52E6}.Release|Any CPU.Build.0 = Release|Any CPU
		{B38EC302-453A-403A-830A-93B0ED9E670D}.Debug|Any CPU.ActiveCfg = Debug|Any CPU
		{B38EC302-453A-403A-830A-93B0ED9E670D}.Debug|Any CPU.Build.0 = Debug|Any CPU
		{B38EC302-453A-403A-830A-93B0ED9E670D}.Release|Any CPU.ActiveCfg = Release|Any CPU
		{B38EC302-453A-403A-830A-93B0ED9E670D}.Release|Any CPU.Build.0 = Release|Any CPU
		{E7BB13A4-C76B-4B18-9EA2-E8662235311C}.Debug|Any CPU.ActiveCfg = Debug|Any CPU
		{E7BB13A4-C76B-4B18-9EA2-E8662235311C}.Debug|Any CPU.Build.0 = Debug|Any CPU
		{E7BB13A4-C76B-4B18-9EA2-E8662235311C}.Release|Any CPU.ActiveCfg = Release|Any CPU
		{E7BB13A4-C76B-4B18-9EA2-E8662235311C}.Release|Any CPU.Build.0 = Release|Any CPU
		{D01C3108-C04B-48CB-A454-8CD2961B3443}.Debug|Any CPU.ActiveCfg = Debug|Any CPU
		{D01C3108-C04B-48CB-A454-8CD2961B3443}.Debug|Any CPU.Build.0 = Debug|Any CPU
		{D01C3108-C04B-48CB-A454-8CD2961B3443}.Release|Any CPU.ActiveCfg = Release|Any CPU
		{D01C3108-C04B-48CB-A454-8CD2961B3443}.Release|Any CPU.Build.0 = Release|Any CPU
		{5FF576A7-0E83-46EE-B7D3-F9EE007CA6B2}.Debug|Any CPU.ActiveCfg = Debug|Any CPU
		{5FF576A7-0E83-46EE-B7D3-F9EE007CA6B2}.Debug|Any CPU.Build.0 = Debug|Any CPU
		{5FF576A7-0E83-46EE-B7D3-F9EE007CA6B2}.Release|Any CPU.ActiveCfg = Release|Any CPU
		{5FF576A7-0E83-46EE-B7D3-F9EE007CA6B2}.Release|Any CPU.Build.0 = Release|Any CPU
		{9B064C7A-DFEF-4F5E-B626-2CBAE36685BC}.Debug|Any CPU.ActiveCfg = Debug|Any CPU
		{9B064C7A-DFEF-4F5E-B626-2CBAE36685BC}.Debug|Any CPU.Build.0 = Debug|Any CPU
		{9B064C7A-DFEF-4F5E-B626-2CBAE36685BC}.Release|Any CPU.ActiveCfg = Release|Any CPU
		{9B064C7A-DFEF-4F5E-B626-2CBAE36685BC}.Release|Any CPU.Build.0 = Release|Any CPU
		{008EF05A-7E36-4545-BE0D-E61CA866B261}.Debug|Any CPU.ActiveCfg = Debug|Any CPU
		{008EF05A-7E36-4545-BE0D-E61CA866B261}.Debug|Any CPU.Build.0 = Debug|Any CPU
		{008EF05A-7E36-4545-BE0D-E61CA866B261}.Release|Any CPU.ActiveCfg = Release|Any CPU
		{008EF05A-7E36-4545-BE0D-E61CA866B261}.Release|Any CPU.Build.0 = Release|Any CPU
		{3C437105-5557-415D-8A70-F0ECFA009504}.Debug|Any CPU.ActiveCfg = Debug|Any CPU
		{3C437105-5557-415D-8A70-F0ECFA009504}.Debug|Any CPU.Build.0 = Debug|Any CPU
		{3C437105-5557-415D-8A70-F0ECFA009504}.Release|Any CPU.ActiveCfg = Release|Any CPU
		{3C437105-5557-415D-8A70-F0ECFA009504}.Release|Any CPU.Build.0 = Release|Any CPU
	EndGlobalSection
	GlobalSection(SolutionProperties) = preSolution
		HideSolutionNode = FALSE
	EndGlobalSection
	GlobalSection(NestedProjects) = preSolution
		{AE21BD57-55D1-4B0F-B42B-CF0A3D108845} = {C6F50A82-3D6E-436B-A2BD-F085898FC567}
		{DC779B1D-3E01-48BE-8BCF-3E3117B28C03} = {C6F50A82-3D6E-436B-A2BD-F085898FC567}
		{68014101-7BE6-4BF0-A774-204B2102D265} = {C6F50A82-3D6E-436B-A2BD-F085898FC567}
		{BF2C02DA-9069-4304-8C62-98C1985BB089} = {C6F50A82-3D6E-436B-A2BD-F085898FC567}
		{42E2AC3E-FDEE-477B-BC3F-F1A658C281DC} = {C6F50A82-3D6E-436B-A2BD-F085898FC567}
		{FFC75BDA-B878-4FD7-9C0B-BA9C2358686F} = {C6F50A82-3D6E-436B-A2BD-F085898FC567}
		{2E79F566-82E6-4F0C-A502-6A2FA281D4C5} = {C6F50A82-3D6E-436B-A2BD-F085898FC567}
		{833D13E1-60FB-42FF-AA4D-9EF35AC8A4B5} = {C6F50A82-3D6E-436B-A2BD-F085898FC567}
		{DD74BA4F-20A7-4D42-9E64-DD00E7D9EF38} = {C6F50A82-3D6E-436B-A2BD-F085898FC567}
		{009C78DA-7966-43E4-8320-8E623EEC6684} = {C6F50A82-3D6E-436B-A2BD-F085898FC567}
		{753BE1F7-FC33-4CCC-8089-CB4F32E8D507} = {C6F50A82-3D6E-436B-A2BD-F085898FC567}
		{6206FD3B-1BAB-478C-8872-62949502F69F} = {C6F50A82-3D6E-436B-A2BD-F085898FC567}
		{7929016F-A438-4C18-B9BE-3AD215BC52E6} = {C6F50A82-3D6E-436B-A2BD-F085898FC567}
		{B38EC302-453A-403A-830A-93B0ED9E670D} = {C6F50A82-3D6E-436B-A2BD-F085898FC567}
		{E7BB13A4-C76B-4B18-9EA2-E8662235311C} = {C6F50A82-3D6E-436B-A2BD-F085898FC567}
		{D01C3108-C04B-48CB-A454-8CD2961B3443} = {C6F50A82-3D6E-436B-A2BD-F085898FC567}
		{5FF576A7-0E83-46EE-B7D3-F9EE007CA6B2} = {C6F50A82-3D6E-436B-A2BD-F085898FC567}
		{9B064C7A-DFEF-4F5E-B626-2CBAE36685BC} = {C6F50A82-3D6E-436B-A2BD-F085898FC567}
		{008EF05A-7E36-4545-BE0D-E61CA866B261} = {C6F50A82-3D6E-436B-A2BD-F085898FC567}
		{3C437105-5557-415D-8A70-F0ECFA009504} = {C6F50A82-3D6E-436B-A2BD-F085898FC567}
	EndGlobalSection
	GlobalSection(ExtensibilityGlobals) = postSolution
		SolutionGuid = {4026A1CB-4E79-4A2B-9B79-CFD00F7D46B8}
	EndGlobalSection
EndGlobal
